
Microsoft Visual Studio Solution File, Format Version 12.00
# Visual Studio Version 17
VisualStudioVersion = 17.5.33502.453
MinimumVisualStudioVersion = 10.0.40219.1
Project("{FAE04EC0-301F-11D3-BF4B-00C04F79EFBC}") = "EPALM 01", "EPALM 01\EPALM 01.csproj", "{7D45E7B1-42E7-4352-9C44-7216E598AB75}"
EndProject
Project("{FAE04EC0-301F-11D3-BF4B-00C04F79EFBC}") = "EPALM 02", "EPALM 02\EPALM 02.csproj", "{A4F9C88E-6EF0-429B-BF4B-47956D8CF61B}"
EndProject
Project("{FAE04EC0-301F-11D3-BF4B-00C04F79EFBC}") = "EPALM 03", "EPALM 03\EPALM 03.csproj", "{D75A0D24-F2E6-4523-9EE7-CC04AAEC3C4D}"
EndProject
Project("{FAE04EC0-301F-11D3-BF4B-00C04F79EFBC}") = "EPALM 04", "EPALM 04\EPALM 04.csproj", "{BA81439B-757B-45A7-9505-F095EB22E81D}"
EndProject
Project("{FAE04EC0-301F-11D3-BF4B-00C04F79EFBC}") = "EPALM 05", "EPALM 05\EPALM 05.csproj", "{28ED545C-49C7-4AE9-9F38-BD52E31A454F}"
EndProject
Project("{FAE04EC0-301F-11D3-BF4B-00C04F79EFBC}") = "EPALM 06", "EPALM 06\EPALM 06.csproj", "{B038840C-2957-4776-A528-1AAF1120934E}"
EndProject
Project("{FAE04EC0-301F-11D3-BF4B-00C04F79EFBC}") = "EPALM 07", "EPALM 07\EPALM 07.csproj", "{1091B1F8-AB59-41EF-82C7-713CACE3FA40}"
EndProject
Project("{FAE04EC0-301F-11D3-BF4B-00C04F79EFBC}") = "EPALM 08", "EPALM 08\EPALM 08.csproj", "{D0CFCD83-B17D-4FEF-9B73-2311549E2628}"
EndProject
Project("{FAE04EC0-301F-11D3-BF4B-00C04F79EFBC}") = "EPALM 09", "EPALM 09\EPALM 09.csproj", "{CB5C2F11-3746-4201-8CE6-59CE70D49B16}"
EndProject
Project("{FAE04EC0-301F-11D3-BF4B-00C04F79EFBC}") = "EPALM 10", "EPALM 10\EPALM 10.csproj", "{4722C0CD-6D04-4ABF-A9FE-31BD1F8A06FB}"
EndProject
Project("{FAE04EC0-301F-11D3-BF4B-00C04F79EFBC}") = "EPALM 11", "EPALM 11\EPALM 11.csproj", "{AB5DAB6C-8EA6-4C3B-B9F5-6FDF248C186A}"
EndProject
Project("{FAE04EC0-301F-11D3-BF4B-00C04F79EFBC}") = "EPALM 12", "EPALM 12\EPALM 12.csproj", "{A34AC6E2-C923-4546-B093-7A1E2EB4240E}"
EndProject
Project("{FAE04EC0-301F-11D3-BF4B-00C04F79EFBC}") = "EPALM 13", "EPALM 13\EPALM 13.csproj", "{4039D0DF-479A-450F-B7DC-26D593E08671}"
EndProject
Project("{FAE04EC0-301F-11D3-BF4B-00C04F79EFBC}") = "EPALM 14", "EPALM 14\EPALM 14.csproj", "{AAE7B0CB-2B02-4F79-8A01-2AF673AA9970}"
EndProject
Global
	GlobalSection(SolutionConfigurationPlatforms) = preSolution
		Debug|Any CPU = Debug|Any CPU
		Release|Any CPU = Release|Any CPU
	EndGlobalSection
	GlobalSection(ProjectConfigurationPlatforms) = postSolution
		{7D45E7B1-42E7-4352-9C44-7216E598AB75}.Debug|Any CPU.ActiveCfg = Debug|Any CPU
		{7D45E7B1-42E7-4352-9C44-7216E598AB75}.Debug|Any CPU.Build.0 = Debug|Any CPU
		{7D45E7B1-42E7-4352-9C44-7216E598AB75}.Release|Any CPU.ActiveCfg = Release|Any CPU
		{7D45E7B1-42E7-4352-9C44-7216E598AB75}.Release|Any CPU.Build.0 = Release|Any CPU
		{A4F9C88E-6EF0-429B-BF4B-47956D8CF61B}.Debug|Any CPU.ActiveCfg = Debug|Any CPU
		{A4F9C88E-6EF0-429B-BF4B-47956D8CF61B}.Debug|Any CPU.Build.0 = Debug|Any CPU
		{A4F9C88E-6EF0-429B-BF4B-47956D8CF61B}.Release|Any CPU.ActiveCfg = Release|Any CPU
		{A4F9C88E-6EF0-429B-BF4B-47956D8CF61B}.Release|Any CPU.Build.0 = Release|Any CPU
		{D75A0D24-F2E6-4523-9EE7-CC04AAEC3C4D}.Debug|Any CPU.ActiveCfg = Debug|Any CPU
		{D75A0D24-F2E6-4523-9EE7-CC04AAEC3C4D}.Debug|Any CPU.Build.0 = Debug|Any CPU
		{D75A0D24-F2E6-4523-9EE7-CC04AAEC3C4D}.Release|Any CPU.ActiveCfg = Release|Any CPU
		{D75A0D24-F2E6-4523-9EE7-CC04AAEC3C4D}.Release|Any CPU.Build.0 = Release|Any CPU
		{BA81439B-757B-45A7-9505-F095EB22E81D}.Debug|Any CPU.ActiveCfg = Debug|Any CPU
		{BA81439B-757B-45A7-9505-F095EB22E81D}.Debug|Any CPU.Build.0 = Debug|Any CPU
		{BA81439B-757B-45A7-9505-F095EB22E81D}.Release|Any CPU.ActiveCfg = Release|Any CPU
		{BA81439B-757B-45A7-9505-F095EB22E81D}.Release|Any CPU.Build.0 = Release|Any CPU
		{28ED545C-49C7-4AE9-9F38-BD52E31A454F}.Debug|Any CPU.ActiveCfg = Debug|Any CPU
		{28ED545C-49C7-4AE9-9F38-BD52E31A454F}.Debug|Any CPU.Build.0 = Debug|Any CPU
		{28ED545C-49C7-4AE9-9F38-BD52E31A454F}.Release|Any CPU.ActiveCfg = Release|Any CPU
		{28ED545C-49C7-4AE9-9F38-BD52E31A454F}.Release|Any CPU.Build.0 = Release|Any CPU
		{B038840C-2957-4776-A528-1AAF1120934E}.Debug|Any CPU.ActiveCfg = Debug|Any CPU
		{B038840C-2957-4776-A528-1AAF1120934E}.Debug|Any CPU.Build.0 = Debug|Any CPU
		{B038840C-2957-4776-A528-1AAF1120934E}.Release|Any CPU.ActiveCfg = Release|Any CPU
		{B038840C-2957-4776-A528-1AAF1120934E}.Release|Any CPU.Build.0 = Release|Any CPU
		{1091B1F8-AB59-41EF-82C7-713CACE3FA40}.Debug|Any CPU.ActiveCfg = Debug|Any CPU
		{1091B1F8-AB59-41EF-82C7-713CACE3FA40}.Debug|Any CPU.Build.0 = Debug|Any CPU
		{1091B1F8-AB59-41EF-82C7-713CACE3FA40}.Release|Any CPU.ActiveCfg = Release|Any CPU
		{1091B1F8-AB59-41EF-82C7-713CACE3FA40}.Release|Any CPU.Build.0 = Release|Any CPU
		{D0CFCD83-B17D-4FEF-9B73-2311549E2628}.Debug|Any CPU.ActiveCfg = Debug|Any CPU
		{D0CFCD83-B17D-4FEF-9B73-2311549E2628}.Debug|Any CPU.Build.0 = Debug|Any CPU
		{D0CFCD83-B17D-4FEF-9B73-2311549E2628}.Release|Any CPU.ActiveCfg = Release|Any CPU
		{D0CFCD83-B17D-4FEF-9B73-2311549E2628}.Release|Any CPU.Build.0 = Release|Any CPU
		{CB5C2F11-3746-4201-8CE6-59CE70D49B16}.Debug|Any CPU.ActiveCfg = Debug|Any CPU
		{CB5C2F11-3746-4201-8CE6-59CE70D49B16}.Debug|Any CPU.Build.0 = Debug|Any CPU
		{CB5C2F11-3746-4201-8CE6-59CE70D49B16}.Release|Any CPU.ActiveCfg = Release|Any CPU
		{CB5C2F11-3746-4201-8CE6-59CE70D49B16}.Release|Any CPU.Build.0 = Release|Any CPU
		{4722C0CD-6D04-4ABF-A9FE-31BD1F8A06FB}.Debug|Any CPU.ActiveCfg = Debug|Any CPU
		{4722C0CD-6D04-4ABF-A9FE-31BD1F8A06FB}.Debug|Any CPU.Build.0 = Debug|Any CPU
		{4722C0CD-6D04-4ABF-A9FE-31BD1F8A06FB}.Release|Any CPU.ActiveCfg = Release|Any CPU
		{4722C0CD-6D04-4ABF-A9FE-31BD1F8A06FB}.Release|Any CPU.Build.0 = Release|Any CPU
		{AB5DAB6C-8EA6-4C3B-B9F5-6FDF248C186A}.Debug|Any CPU.ActiveCfg = Debug|Any CPU
		{AB5DAB6C-8EA6-4C3B-B9F5-6FDF248C186A}.Debug|Any CPU.Build.0 = Debug|Any CPU
		{AB5DAB6C-8EA6-4C3B-B9F5-6FDF248C186A}.Release|Any CPU.ActiveCfg = Release|Any CPU
		{AB5DAB6C-8EA6-4C3B-B9F5-6FDF248C186A}.Release|Any CPU.Build.0 = Release|Any CPU
		{A34AC6E2-C923-4546-B093-7A1E2EB4240E}.Debug|Any CPU.ActiveCfg = Debug|Any CPU
		{A34AC6E2-C923-4546-B093-7A1E2EB4240E}.Debug|Any CPU.Build.0 = Debug|Any CPU
		{A34AC6E2-C923-4546-B093-7A1E2EB4240E}.Release|Any CPU.ActiveCfg = Release|Any CPU
		{A34AC6E2-C923-4546-B093-7A1E2EB4240E}.Release|Any CPU.Build.0 = Release|Any CPU
		{4039D0DF-479A-450F-B7DC-26D593E08671}.Debug|Any CPU.ActiveCfg = Debug|Any CPU
		{4039D0DF-479A-450F-B7DC-26D593E08671}.Debug|Any CPU.Build.0 = Debug|Any CPU
		{4039D0DF-479A-450F-B7DC-26D593E08671}.Release|Any CPU.ActiveCfg = Release|Any CPU
		{4039D0DF-479A-450F-B7DC-26D593E08671}.Release|Any CPU.Build.0 = Release|Any CPU
		{AAE7B0CB-2B02-4F79-8A01-2AF673AA9970}.Debug|Any CPU.ActiveCfg = Debug|Any CPU
		{AAE7B0CB-2B02-4F79-8A01-2AF673AA9970}.Debug|Any CPU.Build.0 = Debug|Any CPU
		{AAE7B0CB-2B02-4F79-8A01-2AF673AA9970}.Release|Any CPU.ActiveCfg = Release|Any CPU
		{AAE7B0CB-2B02-4F79-8A01-2AF673AA9970}.Release|Any CPU.Build.0 = Release|Any CPU
	EndGlobalSection
	GlobalSection(SolutionProperties) = preSolution
		HideSolutionNode = FALSE
	EndGlobalSection
	GlobalSection(ExtensibilityGlobals) = postSolution
		SolutionGuid = {2EC5521C-EFB2-46A9-AD9E-52F09AE2BD66}
	EndGlobalSection
EndGlobal
